{
  "name": "@aofl/polyfill-service",
  "version": "1.0.0-beta.27",
  "lockfileVersion": 1,
  "requires": true,
  "dependencies": {
    "@webcomponents/webcomponentsjs": {
      "version": "2.1.0",
      "resolved": "https://registry.npmjs.org/@webcomponents/webcomponentsjs/-/webcomponentsjs-2.1.0.tgz",
      "integrity": "sha512-uc48x6iWiZvfrSc2nhivTIMWpUop+PGbJrH+npVMY0CBeOkUx/I5CUGh1zOVBdLdn0597EM/IKribcCrbtQSQg=="
    },
    "promiscuous": {
      "version": "0.7.1",
      "resolved": "https://registry.npmjs.org/promiscuous/-/promiscuous-0.7.1.tgz",
      "integrity": "sha512-ajyB0hUWLYJu4nM7EinpY+5vhNAb+FB5tM/vUKp6Zr48db3TvKa/+fhFcgocs0w1dPIoQkQHUvqL+UzfqFvIUw=="
    }
  }
}
