{
  "name": "@aofl/resource-enumerate",
  "version": "1.4.0",
  "lockfileVersion": 1,
  "requires": true,
  "dependencies": {
    "@aofl/api-request": {
      "version": "1.4.0",
      "resolved": "https://registry.npmjs.org/@aofl/api-request/-/api-request-1.4.0.tgz",
      "integrity": "sha512-jUhHrkY7aIVs16I0lU77P6aUrkIC1wne+TMTANPTMc/8wIh/WtIgGe3k8kp7p/a1s3NdtR/6rGKVFUux2wa4Bg==",
      "requires": {
        "@aofl/cache-manager": "^1.4.0"
      }
    },
    "@aofl/cache-manager": {
      "version": "1.4.0",
      "resolved": "https://registry.npmjs.org/@aofl/cache-manager/-/cache-manager-1.4.0.tgz",
      "integrity": "sha512-NSsGMpzSfnR8fEqAk5hrYex1r6LHOyRviOH4JoplwLJtJUc86vNkQVpv5vgxweIWFSjRr0+CN3x5zKnoeyB9sQ==",
      "requires": {
        "tiny-js-md5": "^1.1.2"
      }
    },
    "@aofl/middleware": {
      "version": "1.4.0",
      "resolved": "https://registry.npmjs.org/@aofl/middleware/-/middleware-1.4.0.tgz",
      "integrity": "sha512-iWTJkuhoM1/z7tJz3a32EOlIjuqEoX+a7RsESCtR/SGTWeTjYfJQ3ByHh3wjHnuzdqjWVdW6M4iDJSGPZmkNhQ=="
    },
    "@aofl/server-environment": {
      "version": "1.4.0",
      "resolved": "https://registry.npmjs.org/@aofl/server-environment/-/server-environment-1.4.0.tgz",
      "integrity": "sha512-XkT36DUCgGS6lb1AnVyWi8Kk0WnuUADbqYVY6kI3qL3ird0M1CsyzTL++P9oDyAY2nCKDV1maFyZWNuHMyai6w=="
    },
    "tiny-js-md5": {
      "version": "1.1.2",
      "resolved": "https://registry.npmjs.org/tiny-js-md5/-/tiny-js-md5-1.1.2.tgz",
      "integrity": "sha512-dESJSQvyAHwjWzWs7xN2B+ZtDcCKaQiHU2nz1Gh43iHLQzbN1T3j9siqCAKy+scg/mdE8T9baTY96EHECmsLZw=="
    }
  }
}
