{
  "name": "@aofl/resource-enumerate",
  "version": "1.3.0",
  "lockfileVersion": 1,
  "requires": true,
  "dependencies": {
    "@aofl/api-request": {
      "version": "1.3.0",
      "resolved": "https://registry.npmjs.org/@aofl/api-request/-/api-request-1.3.0.tgz",
      "integrity": "sha512-QHRIdFpJbKoFKDwZuQcF/9MV2k4Sm00uTvm1hVmVbH6NSaMpAv80AuFJSBrK254q5O+G8cjYHH540XsKtSa/Ig==",
      "requires": {
        "@aofl/cache-manager": "^1.3.0"
      }
    },
    "@aofl/cache-manager": {
      "version": "1.3.0",
      "resolved": "https://registry.npmjs.org/@aofl/cache-manager/-/cache-manager-1.3.0.tgz",
      "integrity": "sha512-9FzgkJrheqB4/++V1SUI1RP74CvVOEy8jUX2Tg5WQkaB7elnc/ZOiMKA2v8VaPMu5srZvb38kxAWDM0hbJKs5g==",
      "requires": {
        "tiny-js-md5": "^1.1.2"
      }
    },
    "@aofl/middleware": {
      "version": "1.3.0",
      "resolved": "https://registry.npmjs.org/@aofl/middleware/-/middleware-1.3.0.tgz",
      "integrity": "sha512-zjz8oaJu4yKq/F9f607vY+RafuWLM6I7momA/MEcpSvunecX88hepCeqomGpEJKkn1SATSCClA7g2SDjTYjRGA=="
    },
    "@aofl/server-environment": {
      "version": "1.3.0",
      "resolved": "https://registry.npmjs.org/@aofl/server-environment/-/server-environment-1.3.0.tgz",
      "integrity": "sha512-2G7y1uEVPt+IeYeR7I15tUfholixKKlMFQYmYdiG5D/n+qoID5bdGii9u/cYAX2fli7RfB5S2dawmKW85iyejw=="
    },
    "tiny-js-md5": {
      "version": "1.1.2",
      "resolved": "https://registry.npmjs.org/tiny-js-md5/-/tiny-js-md5-1.1.2.tgz",
      "integrity": "sha512-dESJSQvyAHwjWzWs7xN2B+ZtDcCKaQiHU2nz1Gh43iHLQzbN1T3j9siqCAKy+scg/mdE8T9baTY96EHECmsLZw=="
    }
  }
}
