{
  "name": "@aofl/resource-enumerate",
  "version": "1.2.1",
  "lockfileVersion": 1,
  "requires": true,
  "dependencies": {
    "@aofl/api-request": {
      "version": "1.2.1",
      "resolved": "https://registry.npmjs.org/@aofl/api-request/-/api-request-1.2.1.tgz",
      "integrity": "sha512-ZrAdcGmDUzgLQiEouNFUcCD7lz9dt/GanhQie9PapgOEwP8+RfGuDq0TV0YraTNshnS1lO+yUCE87l+a+gZwIw==",
      "requires": {
        "@aofl/cache-manager": "^1.2.1"
      }
    },
    "@aofl/cache-manager": {
      "version": "1.2.1",
      "resolved": "https://registry.npmjs.org/@aofl/cache-manager/-/cache-manager-1.2.1.tgz",
      "integrity": "sha512-uqcN9gX2fgnkKdsfC0fB5HS4Zczsvxl1Yv1XCPl6BLrRCGUiFMFKQq9oHi72nu4mynbULu7yKezxcWr2a6HwoA==",
      "requires": {
        "tiny-js-md5": "^1.1.2"
      }
    },
    "@aofl/middleware": {
      "version": "1.2.1",
      "resolved": "https://registry.npmjs.org/@aofl/middleware/-/middleware-1.2.1.tgz",
      "integrity": "sha512-Jls39ODX/lUxkuPJ5P7KcXesJAX2UqSN3YOhkH/EiSEq2EBq6tHkKqkW7EBvm6nFtgOUifEUsduihMwfakL36Q=="
    },
    "@aofl/server-environment": {
      "version": "1.2.1",
      "resolved": "https://registry.npmjs.org/@aofl/server-environment/-/server-environment-1.2.1.tgz",
      "integrity": "sha512-GDAtYbb22hliE2QcuMGbfbocMXsZdWnnc9dhHAq2K7D2FuW8RLi7OPS1M3Hh4vyR7fozteUXaGCjms7lDtZHCg=="
    },
    "tiny-js-md5": {
      "version": "1.1.2",
      "resolved": "https://registry.npmjs.org/tiny-js-md5/-/tiny-js-md5-1.1.2.tgz",
      "integrity": "sha512-dESJSQvyAHwjWzWs7xN2B+ZtDcCKaQiHU2nz1Gh43iHLQzbN1T3j9siqCAKy+scg/mdE8T9baTY96EHECmsLZw=="
    }
  }
}
