{
  "name": "@aofl/i18n-mixin",
  "version": "1.0.0-beta.22",
  "lockfileVersion": 1,
  "requires": true,
  "dependencies": {
    "@polymer/lit-element": {
      "version": "0.5.2",
      "resolved": "https://registry.npmjs.org/@polymer/lit-element/-/lit-element-0.5.2.tgz",
      "integrity": "sha512-7v/UlqVO05YuFCxxtC7jpuMQuDiPxArO7gACHqZ3uFd9/BM9YTdktX3bKRTnKTFUaPuNWWoPGvpAe2WOQCH2Pw==",
      "requires": {
        "@polymer/polymer": "^3.0.2",
        "lit-html": "^0.10.0"
      }
    },
    "@polymer/polymer": {
      "version": "3.0.5",
      "resolved": "https://registry.npmjs.org/@polymer/polymer/-/polymer-3.0.5.tgz",
      "integrity": "sha512-Zbmhtr5vZ3NoHWwFYLKI4ff7yfE6DZopI8vaS7HvmUIuNqsv/EpEDXfNEYjqePQmkMX5LU9OIKV1eX/+9aveow==",
      "requires": {
        "@webcomponents/shadycss": "^1.2.0"
      }
    },
    "@webcomponents/shadycss": {
      "version": "1.5.0",
      "resolved": "https://registry.npmjs.org/@webcomponents/shadycss/-/shadycss-1.5.0.tgz",
      "integrity": "sha512-jNuC7alo3EfiqZPosCruJuMAaUI9qgiuGxFcFyPWjOpo4BP+vgC7hxpTzQYxbIWUgrqkn9lnfPup2hE9c/h/PQ=="
    },
    "lit-html": {
      "version": "0.10.2",
      "resolved": "https://registry.npmjs.org/lit-html/-/lit-html-0.10.2.tgz",
      "integrity": "sha512-ue0pIX3Fj5gUsNSozdRQIb1MAgNqFQsHgvHE/FU34xyu9NN/af3EISr7Bb+vP9YeLXIA4vLLOoYp2Z22dVYhww=="
    },
    "tiny-js-md5": {
      "version": "1.1.2",
      "resolved": "https://registry.npmjs.org/tiny-js-md5/-/tiny-js-md5-1.1.2.tgz",
      "integrity": "sha512-dESJSQvyAHwjWzWs7xN2B+ZtDcCKaQiHU2nz1Gh43iHLQzbN1T3j9siqCAKy+scg/mdE8T9baTY96EHECmsLZw=="
    }
  }
}
