{
  "name": "@aofl/i18n-mixin",
  "version": "1.0.0",
  "lockfileVersion": 1,
  "requires": true,
  "dependencies": {
    "@polymer/lit-element": {
      "version": "0.6.2",
      "resolved": "https://registry.npmjs.org/@polymer/lit-element/-/lit-element-0.6.2.tgz",
      "integrity": "sha512-4NWvK6SyAyyeW1mQ24ZVR+rtqZNHZ2JWnVTsPF/1iXnmmPwnpLs8mz0HRqz5adyoyt96ed/y2dsDwGBktJYyew==",
      "requires": {
        "lit-html": "^0.12.0"
      }
    },
    "@polymer/polymer": {
      "version": "3.0.5",
      "resolved": "https://registry.npmjs.org/@polymer/polymer/-/polymer-3.0.5.tgz",
      "integrity": "sha512-Zbmhtr5vZ3NoHWwFYLKI4ff7yfE6DZopI8vaS7HvmUIuNqsv/EpEDXfNEYjqePQmkMX5LU9OIKV1eX/+9aveow==",
      "requires": {
        "@webcomponents/shadycss": "^1.2.0"
      }
    },
    "@webcomponents/shadycss": {
      "version": "1.5.2",
      "resolved": "https://registry.npmjs.org/@webcomponents/shadycss/-/shadycss-1.5.2.tgz",
      "integrity": "sha512-0OyrmVc7S+INtzoqP2ofAo+OdVn2Nj0Qvq4wD9FEGN7nMmLRxaD2mzy6hD6EslzxUSuGH302CDU4KXiY66SEqg=="
    },
    "lit-html": {
      "version": "0.12.0",
      "resolved": "https://registry.npmjs.org/lit-html/-/lit-html-0.12.0.tgz",
      "integrity": "sha512-NyFgq8yTlGEjUFQOmNnK/kj+ZdDVJzTwsLunNSewGiOns7SjuJi6ymCCqzZZ81uW2VwEmliMbOlFZc9QmOJPLA=="
    },
    "tiny-js-md5": {
      "version": "1.1.2",
      "resolved": "https://registry.npmjs.org/tiny-js-md5/-/tiny-js-md5-1.1.2.tgz",
      "integrity": "sha512-dESJSQvyAHwjWzWs7xN2B+ZtDcCKaQiHU2nz1Gh43iHLQzbN1T3j9siqCAKy+scg/mdE8T9baTY96EHECmsLZw=="
    }
  }
}
