{
  "name": "@aofl/api-request",
  "version": "1.2.1",
  "lockfileVersion": 1,
  "requires": true,
  "dependencies": {
    "@aofl/cache-manager": {
      "version": "1.2.1",
      "resolved": "https://registry.npmjs.org/@aofl/cache-manager/-/cache-manager-1.2.1.tgz",
      "integrity": "sha512-uqcN9gX2fgnkKdsfC0fB5HS4Zczsvxl1Yv1XCPl6BLrRCGUiFMFKQq9oHi72nu4mynbULu7yKezxcWr2a6HwoA==",
      "requires": {
        "tiny-js-md5": "^1.1.2"
      }
    },
    "tiny-js-md5": {
      "version": "1.1.2",
      "resolved": "https://registry.npmjs.org/tiny-js-md5/-/tiny-js-md5-1.1.2.tgz",
      "integrity": "sha512-dESJSQvyAHwjWzWs7xN2B+ZtDcCKaQiHU2nz1Gh43iHLQzbN1T3j9siqCAKy+scg/mdE8T9baTY96EHECmsLZw=="
    }
  }
}
