{
  "name": "@aofl/store",
  "version": "1.0.0-beta.27",
  "lockfileVersion": 1,
  "requires": true,
  "dependencies": {
    "@aofl/object-utils": {
      "version": "1.0.0-beta.27",
      "resolved": "https://registry.npmjs.org/@aofl/object-utils/-/object-utils-1.0.0-beta.27.tgz",
      "integrity": "sha512-2YQF38JuZvSxEIwEgeItgCmMajeQ7buzHI12jxe+SQnFtCSFhIB0kzp9GiMt6erYiy3JfMWhF5eImKua0ePfyw=="
    },
    "@aofl/register-callback": {
      "version": "1.0.0-beta.27",
      "resolved": "https://registry.npmjs.org/@aofl/register-callback/-/register-callback-1.0.0-beta.27.tgz",
      "integrity": "sha512-BN2TifL0IruZoPxjCk4H3/4MPvDvdSChE8E46YyN2jYs4HRVdNFp3vf95pCKZTCATw2we5TNCt0Hfz3W3QW1kA=="
    }
  }
}
