{
  "name": "@aofl/store",
  "version": "1.0.0-beta.24",
  "lockfileVersion": 1,
  "requires": true,
  "dependencies": {
    "@aofl/object-utils": {
      "version": "1.0.0-beta.24",
      "resolved": "https://registry.npmjs.org/@aofl/object-utils/-/object-utils-1.0.0-beta.24.tgz",
      "integrity": "sha512-a6W761RicE8Z45wF2Tb1Ytx5krgbYe/nL8ULZisN2D+ZGVkt2ZPtkZ9fMueEydRt0siA8ibt2mLBcE5nu/4k6w=="
    },
    "@aofl/register-callback": {
      "version": "1.0.0-beta.24",
      "resolved": "https://registry.npmjs.org/@aofl/register-callback/-/register-callback-1.0.0-beta.24.tgz",
      "integrity": "sha512-Emc5t/pNL/60eX0t52xq/Cpr9hM0s7QplEwp3X+GvmJIdkr9fM5RJGEF34pkbQIDkz231qD4EwzO3PljHk7MaA=="
    }
  }
}
