{
  "name": "@aofl/store",
  "version": "1.0.0-beta.8",
  "lockfileVersion": 1,
  "requires": true,
  "dependencies": {
    "@aofl/object-utils": {
      "version": "1.0.0-beta.20",
      "resolved": "https://registry.npmjs.org/@aofl/object-utils/-/object-utils-1.0.0-beta.20.tgz",
      "integrity": "sha512-1RQuXqH/xpyvsFIINEXxrqsxp6rCr69uCsj2pfEZ7IOolNKg/JxsFGunlKgRZH2JGkhG9Nktblw4iUVkZfYbyw=="
    },
    "@aofl/register-callback": {
      "version": "1.0.0-beta.20",
      "resolved": "https://registry.npmjs.org/@aofl/register-callback/-/register-callback-1.0.0-beta.20.tgz",
      "integrity": "sha512-5hig0AjH5pyXU8ehZFf4ByOC1cmJBdO+qmyjWV9Z5QJ18tgpoHCbTvAmsKY4b562M624HuBaMvySxVCTl3vu/Q=="
    }
  }
}
