{
  "name": "@aofl/router",
  "version": "1.2.0",
  "lockfileVersion": 1,
  "requires": true,
  "dependencies": {
    "@aofl/middleware": {
      "version": "1.2.0",
      "resolved": "https://registry.npmjs.org/@aofl/middleware/-/middleware-1.2.0.tgz",
      "integrity": "sha512-ggXV9id62Gu/UerXBA0+QlVUUSxv+i9dkWfN84iku+2mRizUiSSdvm5UFgiYiLCA304ACAMHWLKqcudog5b3mg=="
    }
  }
}
