{
  "name": "@aofl/router",
  "version": "1.3.0",
  "lockfileVersion": 1,
  "requires": true,
  "dependencies": {
    "@aofl/middleware": {
      "version": "1.3.0",
      "resolved": "https://registry.npmjs.org/@aofl/middleware/-/middleware-1.3.0.tgz",
      "integrity": "sha512-zjz8oaJu4yKq/F9f607vY+RafuWLM6I7momA/MEcpSvunecX88hepCeqomGpEJKkn1SATSCClA7g2SDjTYjRGA=="
    }
  }
}
