{
  "name": "@aofl/router",
  "version": "1.2.1",
  "lockfileVersion": 1,
  "requires": true,
  "dependencies": {
    "@aofl/middleware": {
      "version": "1.2.1",
      "resolved": "https://registry.npmjs.org/@aofl/middleware/-/middleware-1.2.1.tgz",
      "integrity": "sha512-Jls39ODX/lUxkuPJ5P7KcXesJAX2UqSN3YOhkH/EiSEq2EBq6tHkKqkW7EBvm6nFtgOUifEUsduihMwfakL36Q=="
    }
  }
}
