{
  "name": "@aofl/web-components",
  "version": "1.3.0",
  "lockfileVersion": 1,
  "requires": true,
  "dependencies": {
    "@aofl/component-utils": {
      "version": "1.3.0",
      "resolved": "https://registry.npmjs.org/@aofl/component-utils/-/component-utils-1.3.0.tgz",
      "integrity": "sha512-Re5yak05MZfll0KbZjQ3QcJhd4Ioq6oJAZs0KPnN0ei1r7EHuThtBMBMQARSO35YBfLZu+dWngCkkFv2xgxp8w==",
      "requires": {
        "@polymer/polymer": "^3.0.5"
      }
    },
    "@polymer/polymer": {
      "version": "3.1.0",
      "resolved": "https://registry.npmjs.org/@polymer/polymer/-/polymer-3.1.0.tgz",
      "integrity": "sha512-hwN8IMERsFATz/9dSMxYHL+84J9uBkPuuarxJWlTsppZ4CAYTZKnepBfNrKoyNsafBmA3yXBiiKPPf+fJtza7A==",
      "requires": {
        "@webcomponents/shadycss": "^1.5.2"
      }
    },
    "@webcomponents/shadycss": {
      "version": "1.7.1",
      "resolved": "https://registry.npmjs.org/@webcomponents/shadycss/-/shadycss-1.7.1.tgz",
      "integrity": "sha512-6SZqLajRPWL0rrKDZOGF8PCBq5B9JqgFmE5rX5psk6i8WrqiMkSCuO8+rnirzViTsU5CqnjQPFC3OvG4YJdMrQ=="
    }
  }
}
