{
  "name": "@aofl/web-components",
  "version": "1.2.3",
  "lockfileVersion": 1,
  "requires": true,
  "dependencies": {
    "@aofl/component-utils": {
      "version": "1.2.3",
      "resolved": "https://registry.npmjs.org/@aofl/component-utils/-/component-utils-1.2.3.tgz",
      "integrity": "sha512-kzPhg2MWUngSaIAenOY7q5mth9cK88713kcPR2GiuTIJaT8tLUVRPaMpQii2EWT4/H1/heLS+ADZ96Rbdb2dlA==",
      "requires": {
        "@polymer/polymer": "^3.0.5"
      }
    },
    "@polymer/lit-element": {
      "version": "0.6.3",
      "resolved": "https://registry.npmjs.org/@polymer/lit-element/-/lit-element-0.6.3.tgz",
      "integrity": "sha512-f7MNsgaliRN+g5MFbwKiTWTTWf3GrhYNB/3fAHM7t77TXTSbQ8MXHy2HXfQvPEHwjgen1o2CocaCTSGl/zzJ3g==",
      "requires": {
        "lit-html": "^0.13.0"
      }
    },
    "@polymer/polymer": {
      "version": "3.1.0",
      "resolved": "https://registry.npmjs.org/@polymer/polymer/-/polymer-3.1.0.tgz",
      "integrity": "sha512-hwN8IMERsFATz/9dSMxYHL+84J9uBkPuuarxJWlTsppZ4CAYTZKnepBfNrKoyNsafBmA3yXBiiKPPf+fJtza7A==",
      "requires": {
        "@webcomponents/shadycss": "^1.5.2"
      }
    },
    "@webcomponents/shadycss": {
      "version": "1.6.0",
      "resolved": "https://registry.npmjs.org/@webcomponents/shadycss/-/shadycss-1.6.0.tgz",
      "integrity": "sha512-iURGZZU6BaiRJtGgjMn208QxPkY11QwT/VmuHNa4Yb+kJxU/WODe4C8b0LDOtnk4KJzJg50hCfwvPRAjePEzbA=="
    },
    "lit-html": {
      "version": "0.13.0",
      "resolved": "https://registry.npmjs.org/lit-html/-/lit-html-0.13.0.tgz",
      "integrity": "sha512-p3R2ji/ucNVG5skguy8WufmSYIdMiTTb9ObUVYM2bOuvIXzDnUiePXGwP5BDbKssW1K6fw1Oj/M07FzdPLsTXw=="
    }
  }
}
