{
  "name": "@aofl/api-request",
  "version": "1.0.0-beta.4",
  "lockfileVersion": 1,
  "requires": true,
  "dependencies": {
    "@aofl/cache-manager": {
      "version": "1.0.0-beta.8",
      "resolved": "https://registry.npmjs.org/@aofl/cache-manager/-/cache-manager-1.0.0-beta.8.tgz",
      "integrity": "sha512-UOf0eFmylDHOrWw8tGvQFIFFInCL7KM/+Np/KJ5ckv5G+Zia+bCYC+5tvXVuHtf3lBkLiAGG5emiTivD49Rp+w==",
      "requires": {
        "crypto-js": "3.1.9-1"
      }
    },
    "crypto-js": {
      "version": "3.1.9-1",
      "resolved": "https://registry.npmjs.org/crypto-js/-/crypto-js-3.1.9-1.tgz",
      "integrity": "sha1-/aGedh/Ad+Af+/3G6f38WeiAbNg="
    }
  }
}
