{
  "name": "@aofl/api-request",
  "version": "1.0.0-beta.2",
  "lockfileVersion": 1,
  "requires": true,
  "dependencies": {
    "@aofl/cache-manager": {
      "version": "1.0.0-beta.3",
      "resolved": "https://registry.npmjs.org/@aofl/cache-manager/-/cache-manager-1.0.0-beta.3.tgz",
      "integrity": "sha512-bN7d8TeoLQSF2Rgp/UbCZCjSs4BT8/jx7o6q0Gc7b29Oz/wo9tZRnUWGgJP6UgKvVm0UMejKgrE3gKvbGKqnMg=="
    }
  }
}
