{
  "name": "@aofl/api-request",
  "version": "1.0.0-beta.2",
  "lockfileVersion": 1,
  "requires": true,
  "dependencies": {
    "@aofl/cache-manager": {
      "version": "1.0.0-beta.4",
      "resolved": "https://registry.npmjs.org/@aofl/cache-manager/-/cache-manager-1.0.0-beta.4.tgz",
      "integrity": "sha512-srGcm/u9/J9+SM9ViU+ttiQe4aYEkMghW8++Rsg4Y+6d/YhKX3DVKyOVtJf5HRQsJyRsAdAJP8hUWLlrQaAVKw=="
    }
  }
}
