{
  "name": "@aofl/store",
  "version": "1.2.1",
  "lockfileVersion": 1,
  "requires": true,
  "dependencies": {
    "@aofl/object-utils": {
      "version": "1.2.1",
      "resolved": "https://registry.npmjs.org/@aofl/object-utils/-/object-utils-1.2.1.tgz",
      "integrity": "sha512-G0sPCMmDiPnhTRhxkGL1BvMzRRCFwZF4+6VfyPMkgZKA8qIUcKOMhXIz7I4/16FeHHRoxtAjIJkxPGbSJvaySA=="
    },
    "@aofl/register-callback": {
      "version": "1.2.1",
      "resolved": "https://registry.npmjs.org/@aofl/register-callback/-/register-callback-1.2.1.tgz",
      "integrity": "sha512-gMdaT/vdWJGmOp36c66Nv1PLOl2MrZ8EYlVtPdeml7gryaXtnutfDmyKGD+y85s7/JabsJz2O2Nw7Oi+2A9Vtg=="
    }
  }
}
