{
  "name": "@aofl/store",
  "version": "1.0.0-beta.28",
  "lockfileVersion": 1,
  "requires": true,
  "dependencies": {
    "@aofl/object-utils": {
      "version": "1.0.1",
      "resolved": "https://registry.npmjs.org/@aofl/object-utils/-/object-utils-1.0.1.tgz",
      "integrity": "sha512-Qk0xUxX4kmFVdJcqfyelBnf6SEOeBLX8MwL8XKREMa2O73HCbLneT2w6vBBiqU5eqyd4cmeRUT75U/wzYA1naQ=="
    },
    "@aofl/register-callback": {
      "version": "1.0.1",
      "resolved": "https://registry.npmjs.org/@aofl/register-callback/-/register-callback-1.0.1.tgz",
      "integrity": "sha512-96eI+dG0mr87Qy+FLdd94M2dTOAl5xQ64I9b+4EKRayDLqQy0yozvgQnv/7W0XHdRDnabEnH3vu5Bx1FAC5aZQ=="
    }
  }
}
