{
  "name": "@aofl/store",
  "version": "1.4.0",
  "lockfileVersion": 1,
  "requires": true,
  "dependencies": {
    "@aofl/object-utils": {
      "version": "1.4.0",
      "resolved": "https://registry.npmjs.org/@aofl/object-utils/-/object-utils-1.4.0.tgz",
      "integrity": "sha512-CQzUo3icHHtDnSrHePP0vzr9vwDOrQe9Jw8m35koKFiZKspZYSfAy6SeyKzr202fqrotQpv51dy49upHi9bBRA=="
    },
    "@aofl/register-callback": {
      "version": "1.4.0",
      "resolved": "https://registry.npmjs.org/@aofl/register-callback/-/register-callback-1.4.0.tgz",
      "integrity": "sha512-/sbCFSMjRpH1a+99imYpsSqUNxeLL/7W9re18yT9leJNqrqiJctP0RHexly6r4/V+3NtHJaeibwVgAygCIahAQ=="
    }
  }
}
