{
  "name": "@aofl/resource-enumerate",
  "version": "1.0.0-beta.26",
  "lockfileVersion": 1,
  "requires": true,
  "dependencies": {
    "@aofl/cache-manager": {
      "version": "1.0.0-beta.26",
      "resolved": "https://registry.npmjs.org/@aofl/cache-manager/-/cache-manager-1.0.0-beta.26.tgz",
      "integrity": "sha512-oqMUKjzWjR16/YVbgqb5H/RpuJQpMmmteWxsdEylaMsAO0On7RXoNGz/dnMKZXk7RGlvJ8qVCAO07vIbOusKsw==",
      "requires": {
        "tiny-js-md5": "^1.1.2"
      }
    },
    "@aofl/middleware": {
      "version": "1.0.0-beta.26",
      "resolved": "https://registry.npmjs.org/@aofl/middleware/-/middleware-1.0.0-beta.26.tgz",
      "integrity": "sha512-ARTIaNL+IeVZCkziWg1nMd/Ijkqwschym7Gtp4uTL8MHI3Vl7EK5ZrJ36lODf/W2+BgZycMPsWN+zHNV21806A=="
    },
    "@aofl/server-environment": {
      "version": "1.0.0-beta.26",
      "resolved": "https://registry.npmjs.org/@aofl/server-environment/-/server-environment-1.0.0-beta.26.tgz",
      "integrity": "sha512-KyrOgTealqK1a+8fpxLIV0ZVbDhX/anTkzF8Kplq2SxCkaL1sbWM+eo92z4HRzmXK3QE8Koghd0oKr+cy+DDjw=="
    },
    "tiny-js-md5": {
      "version": "1.1.2",
      "resolved": "https://registry.npmjs.org/tiny-js-md5/-/tiny-js-md5-1.1.2.tgz",
      "integrity": "sha512-dESJSQvyAHwjWzWs7xN2B+ZtDcCKaQiHU2nz1Gh43iHLQzbN1T3j9siqCAKy+scg/mdE8T9baTY96EHECmsLZw=="
    }
  }
}
