{
  "name": "@aofl/resource-enumerate",
  "version": "1.0.0-beta.5",
  "lockfileVersion": 1,
  "requires": true,
  "dependencies": {
    "@aofl/cache-manager": {
      "version": "1.0.0-beta.7",
      "resolved": "https://registry.npmjs.org/@aofl/cache-manager/-/cache-manager-1.0.0-beta.7.tgz",
      "integrity": "sha512-CpG59Lc7v3CjDkZuvQ6PecKjPlzXt0WSrw6rLQIHH9KsGNsM/p95sdoVTWK3e7RdbexNbQ+SZvcN4/tWJT2FAg==",
      "requires": {
        "crypto-js": "3.1.9-1"
      }
    },
    "@aofl/server-environment": {
      "version": "1.0.0-beta.1",
      "resolved": "https://registry.npmjs.org/@aofl/server-environment/-/server-environment-1.0.0-beta.1.tgz",
      "integrity": "sha512-q3l0KXi244HrJOMfsn3YNfB9bxKR3EBTVsAZIWrU1LIWUaodWmQcTd8Z9Y9cdiyQhEGbhh0hCSgG2s/CLnfyVw=="
    },
    "crypto-js": {
      "version": "3.1.9-1",
      "resolved": "https://registry.npmjs.org/crypto-js/-/crypto-js-3.1.9-1.tgz",
      "integrity": "sha1-/aGedh/Ad+Af+/3G6f38WeiAbNg="
    }
  }
}
