{
  "name": "@aofl/resource-enumerate",
  "version": "1.0.0",
  "lockfileVersion": 1,
  "requires": true,
  "dependencies": {
    "@aofl/cache-manager": {
      "version": "1.0.0",
      "resolved": "https://registry.npmjs.org/@aofl/cache-manager/-/cache-manager-1.0.0.tgz",
      "integrity": "sha512-dZjCxz/mv3dQMR8s5rHtunBwinG02VT9Uiq0KNwJD+fdZKnT+2UmJA87K2bsUdkrmvLy6KzO3wZNmrOvfU+Ikg=="
    },
    "@aofl/server-environment": {
      "version": "1.0.0",
      "resolved": "https://registry.npmjs.org/@aofl/server-environment/-/server-environment-1.0.0.tgz",
      "integrity": "sha512-wyGQjXKr6wrBzEhrmxghLZxkOnIko0epPzEmWgwO9E+Jp7UtlyfIrMtBfynIOS1M0Vx8+yjHbXtO60bNT7WRpQ=="
    }
  }
}
